lockfileVersion: '9.0'

settings:
  autoInstallPeers: true
  excludeLinksFromLockfile: false

importers:

  .:
    dependencies:
      vue:
        specifier: ^3.4.29
        version: 3.5.12(typescript@5.4.5)
      vue-router:
        specifier: ^4.3.3
        version: 4.4.5(vue@3.5.12(typescript@5.4.5))
    devDependencies:
      '@tsconfig/node20':
        specifier: ^20.1.4
        version: 20.1.4
      '@types/node':
        specifier: ^20.14.5
        version: 20.16.14
      '@vitejs/plugin-vue':
        specifier: ^5.0.5
        version: 5.1.4(vite@5.4.9(@types/node@20.16.14)(sass-embedded@1.80.7))(vue@3.5.12(typescript@5.4.5))
      '@vue/tsconfig':
        specifier: ^0.5.1
        version: 0.5.1
      npm-run-all2:
        specifier: ^6.2.0
        version: 6.2.6
      sass-embedded:
        specifier: ^1.80.7
        version: 1.80.7
      typescript:
        specifier: ~5.4.0
        version: 5.4.5
      vite:
        specifier: ^5.3.1
        version: 5.4.9(@types/node@20.16.14)(sass-embedded@1.80.7)
      vue-tsc:
        specifier: ^2.0.21
        version: 2.1.6(typescript@5.4.5)

packages:

  '@babel/helper-string-parser@7.25.7':
    resolution: {integrity: sha512-CbkjYdsJNHFk8uqpEkpCvRs3YRp9tY6FmFY7wLMSYuGYkrdUi7r2lc4/wqsvlHoMznX3WJ9IP8giGPq68T/Y6g==}
    engines: {node: '>=6.9.0'}

  '@babel/helper-validator-identifier@7.25.7':
    resolution: {integrity: sha512-AM6TzwYqGChO45oiuPqwL2t20/HdMC1rTPAesnBCgPCSF1x3oN9MVUwQV2iyz4xqWrctwK5RNC8LV22kaQCNYg==}
    engines: {node: '>=6.9.0'}

  '@babel/parser@7.25.8':
    resolution: {integrity: sha512-HcttkxzdPucv3nNFmfOOMfFf64KgdJVqm1KaCm25dPGMLElo9nsLvXeJECQg8UzPuBGLyTSA0ZzqCtDSzKTEoQ==}
    engines: {node: '>=6.0.0'}
    hasBin: true

  '@babel/types@7.25.8':
    resolution: {integrity: sha512-JWtuCu8VQsMladxVz/P4HzHUGCAwpuqacmowgXFs5XjxIgKuNjnLokQzuVjlTvIzODaDmpjT3oxcC48vyk9EWg==}
    engines: {node: '>=6.9.0'}

  '@bufbuild/protobuf@2.2.2':
    resolution: {integrity: sha512-UNtPCbrwrenpmrXuRwn9jYpPoweNXj8X5sMvYgsqYyaH8jQ6LfUJSk3dJLnBK+6sfYPrF4iAIo5sd5HQ+tg75A==}

  '@esbuild/aix-ppc64@0.21.5':
    resolution: {integrity: sha512-1SDgH6ZSPTlggy1yI6+Dbkiz8xzpHJEVAlF/AM1tHPLsf5STom9rwtjE4hKAF20FfXXNTFqEYXyJNWh1GiZedQ==}
    engines: {node: '>=12'}
    cpu: [ppc64]
    os: [aix]

  '@esbuild/android-arm64@0.21.5':
    resolution: {integrity: sha512-c0uX9VAUBQ7dTDCjq+wdyGLowMdtR/GoC2U5IYk/7D1H1JYC0qseD7+11iMP2mRLN9RcCMRcjC4YMclCzGwS/A==}
    engines: {node: '>=12'}
    cpu: [arm64]
    os: [android]

  '@esbuild/android-arm@0.21.5':
    resolution: {integrity: sha512-vCPvzSjpPHEi1siZdlvAlsPxXl7WbOVUBBAowWug4rJHb68Ox8KualB+1ocNvT5fjv6wpkX6o/iEpbDrf68zcg==}
    engines: {node: '>=12'}
    cpu: [arm]
    os: [android]

  '@esbuild/android-x64@0.21.5':
    resolution: {integrity: sha512-D7aPRUUNHRBwHxzxRvp856rjUHRFW1SdQATKXH2hqA0kAZb1hKmi02OpYRacl0TxIGz/ZmXWlbZgjwWYaCakTA==}
    engines: {node: '>=12'}
    cpu: [x64]
    os: [android]

  '@esbuild/darwin-arm64@0.21.5':
    resolution: {integrity: sha512-DwqXqZyuk5AiWWf3UfLiRDJ5EDd49zg6O9wclZ7kUMv2WRFr4HKjXp/5t8JZ11QbQfUS6/cRCKGwYhtNAY88kQ==}
    engines: {node: '>=12'}
    cpu: [arm64]
    os: [darwin]

  '@esbuild/darwin-x64@0.21.5':
    resolution: {integrity: sha512-se/JjF8NlmKVG4kNIuyWMV/22ZaerB+qaSi5MdrXtd6R08kvs2qCN4C09miupktDitvh8jRFflwGFBQcxZRjbw==}
    engines: {node: '>=12'}
    cpu: [x64]
    os: [darwin]

  '@esbuild/freebsd-arm64@0.21.5':
    resolution: {integrity: sha512-5JcRxxRDUJLX8JXp/wcBCy3pENnCgBR9bN6JsY4OmhfUtIHe3ZW0mawA7+RDAcMLrMIZaf03NlQiX9DGyB8h4g==}
    engines: {node: '>=12'}
    cpu: [arm64]
    os: [freebsd]

  '@esbuild/freebsd-x64@0.21.5':
    resolution: {integrity: sha512-J95kNBj1zkbMXtHVH29bBriQygMXqoVQOQYA+ISs0/2l3T9/kj42ow2mpqerRBxDJnmkUDCaQT/dfNXWX/ZZCQ==}
    engines: {node: '>=12'}
    cpu: [x64]
    os: [freebsd]

  '@esbuild/linux-arm64@0.21.5':
    resolution: {integrity: sha512-ibKvmyYzKsBeX8d8I7MH/TMfWDXBF3db4qM6sy+7re0YXya+K1cem3on9XgdT2EQGMu4hQyZhan7TeQ8XkGp4Q==}
    engines: {node: '>=12'}
    cpu: [arm64]
    os: [linux]

  '@esbuild/linux-arm@0.21.5':
    resolution: {integrity: sha512-bPb5AHZtbeNGjCKVZ9UGqGwo8EUu4cLq68E95A53KlxAPRmUyYv2D6F0uUI65XisGOL1hBP5mTronbgo+0bFcA==}
    engines: {node: '>=12'}
    cpu: [arm]
    os: [linux]

  '@esbuild/linux-ia32@0.21.5':
    resolution: {integrity: sha512-YvjXDqLRqPDl2dvRODYmmhz4rPeVKYvppfGYKSNGdyZkA01046pLWyRKKI3ax8fbJoK5QbxblURkwK/MWY18Tg==}
    engines: {node: '>=12'}
    cpu: [ia32]
    os: [linux]

  '@esbuild/linux-loong64@0.21.5':
    resolution: {integrity: sha512-uHf1BmMG8qEvzdrzAqg2SIG/02+4/DHB6a9Kbya0XDvwDEKCoC8ZRWI5JJvNdUjtciBGFQ5PuBlpEOXQj+JQSg==}
    engines: {node: '>=12'}
    cpu: [loong64]
    os: [linux]

  '@esbuild/linux-mips64el@0.21.5':
    resolution: {integrity: sha512-IajOmO+KJK23bj52dFSNCMsz1QP1DqM6cwLUv3W1QwyxkyIWecfafnI555fvSGqEKwjMXVLokcV5ygHW5b3Jbg==}
    engines: {node: '>=12'}
    cpu: [mips64el]
    os: [linux]

  '@esbuild/linux-ppc64@0.21.5':
    resolution: {integrity: sha512-1hHV/Z4OEfMwpLO8rp7CvlhBDnjsC3CttJXIhBi+5Aj5r+MBvy4egg7wCbe//hSsT+RvDAG7s81tAvpL2XAE4w==}
    engines: {node: '>=12'}
    cpu: [ppc64]
    os: [linux]

  '@esbuild/linux-riscv64@0.21.5':
    resolution: {integrity: sha512-2HdXDMd9GMgTGrPWnJzP2ALSokE/0O5HhTUvWIbD3YdjME8JwvSCnNGBnTThKGEB91OZhzrJ4qIIxk/SBmyDDA==}
    engines: {node: '>=12'}
    cpu: [riscv64]
    os: [linux]

  '@esbuild/linux-s390x@0.21.5':
    resolution: {integrity: sha512-zus5sxzqBJD3eXxwvjN1yQkRepANgxE9lgOW2qLnmr8ikMTphkjgXu1HR01K4FJg8h1kEEDAqDcZQtbrRnB41A==}
    engines: {node: '>=12'}
    cpu: [s390x]
    os: [linux]

  '@esbuild/linux-x64@0.21.5':
    resolution: {integrity: sha512-1rYdTpyv03iycF1+BhzrzQJCdOuAOtaqHTWJZCWvijKD2N5Xu0TtVC8/+1faWqcP9iBCWOmjmhoH94dH82BxPQ==}
    engines: {node: '>=12'}
    cpu: [x64]
    os: [linux]

  '@esbuild/netbsd-x64@0.21.5':
    resolution: {integrity: sha512-Woi2MXzXjMULccIwMnLciyZH4nCIMpWQAs049KEeMvOcNADVxo0UBIQPfSmxB3CWKedngg7sWZdLvLczpe0tLg==}
    engines: {node: '>=12'}
    cpu: [x64]
    os: [netbsd]

  '@esbuild/openbsd-x64@0.21.5':
    resolution: {integrity: sha512-HLNNw99xsvx12lFBUwoT8EVCsSvRNDVxNpjZ7bPn947b8gJPzeHWyNVhFsaerc0n3TsbOINvRP2byTZ5LKezow==}
    engines: {node: '>=12'}
    cpu: [x64]
    os: [openbsd]

  '@esbuild/sunos-x64@0.21.5':
    resolution: {integrity: sha512-6+gjmFpfy0BHU5Tpptkuh8+uw3mnrvgs+dSPQXQOv3ekbordwnzTVEb4qnIvQcYXq6gzkyTnoZ9dZG+D4garKg==}
    engines: {node: '>=12'}
    cpu: [x64]
    os: [sunos]

  '@esbuild/win32-arm64@0.21.5':
    resolution: {integrity: sha512-Z0gOTd75VvXqyq7nsl93zwahcTROgqvuAcYDUr+vOv8uHhNSKROyU961kgtCD1e95IqPKSQKH7tBTslnS3tA8A==}
    engines: {node: '>=12'}
    cpu: [arm64]
    os: [win32]

  '@esbuild/win32-ia32@0.21.5':
    resolution: {integrity: sha512-SWXFF1CL2RVNMaVs+BBClwtfZSvDgtL//G/smwAc5oVK/UPu2Gu9tIaRgFmYFFKrmg3SyAjSrElf0TiJ1v8fYA==}
    engines: {node: '>=12'}
    cpu: [ia32]
    os: [win32]

  '@esbuild/win32-x64@0.21.5':
    resolution: {integrity: sha512-tQd/1efJuzPC6rCFwEvLtci/xNFcTZknmXs98FYDfGE4wP9ClFV98nyKrzJKVPMhdDnjzLhdUyMX4PsQAPjwIw==}
    engines: {node: '>=12'}
    cpu: [x64]
    os: [win32]

  '@jridgewell/sourcemap-codec@1.5.0':
    resolution: {integrity: sha512-gv3ZRaISU3fjPAgNsriBRqGWQL6quFx04YMPW/zD8XMLsU32mhCCbfbO6KZFLjvYpCZ8zyDEgqsgf+PwPaM7GQ==}

  '@rollup/rollup-android-arm-eabi@4.24.0':
    resolution: {integrity: sha512-Q6HJd7Y6xdB48x8ZNVDOqsbh2uByBhgK8PiQgPhwkIw/HC/YX5Ghq2mQY5sRMZWHb3VsFkWooUVOZHKr7DmDIA==}
    cpu: [arm]
    os: [android]

  '@rollup/rollup-android-arm64@4.24.0':
    resolution: {integrity: sha512-ijLnS1qFId8xhKjT81uBHuuJp2lU4x2yxa4ctFPtG+MqEE6+C5f/+X/bStmxapgmwLwiL3ih122xv8kVARNAZA==}
    cpu: [arm64]
    os: [android]

  '@rollup/rollup-darwin-arm64@4.24.0':
    resolution: {integrity: sha512-bIv+X9xeSs1XCk6DVvkO+S/z8/2AMt/2lMqdQbMrmVpgFvXlmde9mLcbQpztXm1tajC3raFDqegsH18HQPMYtA==}
    cpu: [arm64]
    os: [darwin]

  '@rollup/rollup-darwin-x64@4.24.0':
    resolution: {integrity: sha512-X6/nOwoFN7RT2svEQWUsW/5C/fYMBe4fnLK9DQk4SX4mgVBiTA9h64kjUYPvGQ0F/9xwJ5U5UfTbl6BEjaQdBQ==}
    cpu: [x64]
    os: [darwin]

  '@rollup/rollup-linux-arm-gnueabihf@4.24.0':
    resolution: {integrity: sha512-0KXvIJQMOImLCVCz9uvvdPgfyWo93aHHp8ui3FrtOP57svqrF/roSSR5pjqL2hcMp0ljeGlU4q9o/rQaAQ3AYA==}
    cpu: [arm]
    os: [linux]

  '@rollup/rollup-linux-arm-musleabihf@4.24.0':
    resolution: {integrity: sha512-it2BW6kKFVh8xk/BnHfakEeoLPv8STIISekpoF+nBgWM4d55CZKc7T4Dx1pEbTnYm/xEKMgy1MNtYuoA8RFIWw==}
    cpu: [arm]
    os: [linux]

  '@rollup/rollup-linux-arm64-gnu@4.24.0':
    resolution: {integrity: sha512-i0xTLXjqap2eRfulFVlSnM5dEbTVque/3Pi4g2y7cxrs7+a9De42z4XxKLYJ7+OhE3IgxvfQM7vQc43bwTgPwA==}
    cpu: [arm64]
    os: [linux]

  '@rollup/rollup-linux-arm64-musl@4.24.0':
    resolution: {integrity: sha512-9E6MKUJhDuDh604Qco5yP/3qn3y7SLXYuiC0Rpr89aMScS2UAmK1wHP2b7KAa1nSjWJc/f/Lc0Wl1L47qjiyQw==}
    cpu: [arm64]
    os: [linux]

  '@rollup/rollup-linux-powerpc64le-gnu@4.24.0':
    resolution: {integrity: sha512-2XFFPJ2XMEiF5Zi2EBf4h73oR1V/lycirxZxHZNc93SqDN/IWhYYSYj8I9381ikUFXZrz2v7r2tOVk2NBwxrWw==}
    cpu: [ppc64]
    os: [linux]

  '@rollup/rollup-linux-riscv64-gnu@4.24.0':
    resolution: {integrity: sha512-M3Dg4hlwuntUCdzU7KjYqbbd+BLq3JMAOhCKdBE3TcMGMZbKkDdJ5ivNdehOssMCIokNHFOsv7DO4rlEOfyKpg==}
    cpu: [riscv64]
    os: [linux]

  '@rollup/rollup-linux-s390x-gnu@4.24.0':
    resolution: {integrity: sha512-mjBaoo4ocxJppTorZVKWFpy1bfFj9FeCMJqzlMQGjpNPY9JwQi7OuS1axzNIk0nMX6jSgy6ZURDZ2w0QW6D56g==}
    cpu: [s390x]
    os: [linux]

  '@rollup/rollup-linux-x64-gnu@4.24.0':
    resolution: {integrity: sha512-ZXFk7M72R0YYFN5q13niV0B7G8/5dcQ9JDp8keJSfr3GoZeXEoMHP/HlvqROA3OMbMdfr19IjCeNAnPUG93b6A==}
    cpu: [x64]
    os: [linux]

  '@rollup/rollup-linux-x64-musl@4.24.0':
    resolution: {integrity: sha512-w1i+L7kAXZNdYl+vFvzSZy8Y1arS7vMgIy8wusXJzRrPyof5LAb02KGr1PD2EkRcl73kHulIID0M501lN+vobQ==}
    cpu: [x64]
    os: [linux]

  '@rollup/rollup-win32-arm64-msvc@4.24.0':
    resolution: {integrity: sha512-VXBrnPWgBpVDCVY6XF3LEW0pOU51KbaHhccHw6AS6vBWIC60eqsH19DAeeObl+g8nKAz04QFdl/Cefta0xQtUQ==}
    cpu: [arm64]
    os: [win32]

  '@rollup/rollup-win32-ia32-msvc@4.24.0':
    resolution: {integrity: sha512-xrNcGDU0OxVcPTH/8n/ShH4UevZxKIO6HJFK0e15XItZP2UcaiLFd5kiX7hJnqCbSztUF8Qot+JWBC/QXRPYWQ==}
    cpu: [ia32]
    os: [win32]

  '@rollup/rollup-win32-x64-msvc@4.24.0':
    resolution: {integrity: sha512-fbMkAF7fufku0N2dE5TBXcNlg0pt0cJue4xBRE2Qc5Vqikxr4VCgKj/ht6SMdFcOacVA9rqF70APJ8RN/4vMJw==}
    cpu: [x64]
    os: [win32]

  '@tsconfig/node20@20.1.4':
    resolution: {integrity: sha512-sqgsT69YFeLWf5NtJ4Xq/xAF8p4ZQHlmGW74Nu2tD4+g5fAsposc4ZfaaPixVu4y01BEiDCWLRDCvDM5JOsRxg==}

  '@types/estree@1.0.6':
    resolution: {integrity: sha512-AYnb1nQyY49te+VRAVgmzfcgjYS91mY5P0TKUDCLEM+gNnA+3T6rWITXRLYCpahpqSQbN5cE+gHpnPyXjHWxcw==}

  '@types/node@20.16.14':
    resolution: {integrity: sha512-vtgGzjxLF7QT88qRHtXMzCWpAAmwonE7fwgVjFtXosUva2oSpnIEc3gNO9P7uIfOxKnii2f79/xtOnfreYtDaA==}

  '@vitejs/plugin-vue@5.1.4':
    resolution: {integrity: sha512-N2XSI2n3sQqp5w7Y/AN/L2XDjBIRGqXko+eDp42sydYSBeJuSm5a1sLf8zakmo8u7tA8NmBgoDLA1HeOESjp9A==}
    engines: {node: ^18.0.0 || >=20.0.0}
    peerDependencies:
      vite: ^5.0.0
      vue: ^3.2.25

  '@volar/language-core@2.4.6':
    resolution: {integrity: sha512-FxUfxaB8sCqvY46YjyAAV6c3mMIq/NWQMVvJ+uS4yxr1KzOvyg61gAuOnNvgCvO4TZ7HcLExBEsWcDu4+K4E8A==}

  '@volar/source-map@2.4.6':
    resolution: {integrity: sha512-Nsh7UW2ruK+uURIPzjJgF0YRGP5CX9nQHypA2OMqdM2FKy7rh+uv3XgPnWPw30JADbKvZ5HuBzG4gSbVDYVtiw==}

  '@volar/typescript@2.4.6':
    resolution: {integrity: sha512-NMIrA7y5OOqddL9VtngPWYmdQU03htNKFtAYidbYfWA0TOhyGVd9tfcP4TsLWQ+RBWDZCbBqsr8xzU0ZOxYTCQ==}

  '@vue/compiler-core@3.5.12':
    resolution: {integrity: sha512-ISyBTRMmMYagUxhcpyEH0hpXRd/KqDU4ymofPgl2XAkY9ZhQ+h0ovEZJIiPop13UmR/54oA2cgMDjgroRelaEw==}

  '@vue/compiler-dom@3.5.12':
    resolution: {integrity: sha512-9G6PbJ03uwxLHKQ3P42cMTi85lDRvGLB2rSGOiQqtXELat6uI4n8cNz9yjfVHRPIu+MsK6TE418Giruvgptckg==}

  '@vue/compiler-sfc@3.5.12':
    resolution: {integrity: sha512-2k973OGo2JuAa5+ZlekuQJtitI5CgLMOwgl94BzMCsKZCX/xiqzJYzapl4opFogKHqwJk34vfsaKpfEhd1k5nw==}

  '@vue/compiler-ssr@3.5.12':
    resolution: {integrity: sha512-eLwc7v6bfGBSM7wZOGPmRavSWzNFF6+PdRhE+VFJhNCgHiF8AM7ccoqcv5kBXA2eWUfigD7byekvf/JsOfKvPA==}

  '@vue/compiler-vue2@2.7.16':
    resolution: {integrity: sha512-qYC3Psj9S/mfu9uVi5WvNZIzq+xnXMhOwbTFKKDD7b1lhpnn71jXSFdTQ+WsIEk0ONCd7VV2IMm7ONl6tbQ86A==}

  '@vue/devtools-api@6.6.4':
    resolution: {integrity: sha512-sGhTPMuXqZ1rVOk32RylztWkfXTRhuS7vgAKv0zjqk8gbsHkJ7xfFf+jbySxt7tWObEJwyKaHMikV/WGDiQm8g==}

  '@vue/language-core@2.1.6':
    resolution: {integrity: sha512-MW569cSky9R/ooKMh6xa2g1D0AtRKbL56k83dzus/bx//RDJk24RHWkMzbAlXjMdDNyxAaagKPRquBIxkxlCkg==}
    peerDependencies:
      typescript: '*'
    peerDependenciesMeta:
      typescript:
        optional: true

  '@vue/reactivity@3.5.12':
    resolution: {integrity: sha512-UzaN3Da7xnJXdz4Okb/BGbAaomRHc3RdoWqTzlvd9+WBR5m3J39J1fGcHes7U3za0ruYn/iYy/a1euhMEHvTAg==}

  '@vue/runtime-core@3.5.12':
    resolution: {integrity: sha512-hrMUYV6tpocr3TL3Ad8DqxOdpDe4zuQY4HPY3X/VRh+L2myQO8MFXPAMarIOSGNu0bFAjh1yBkMPXZBqCk62Uw==}

  '@vue/runtime-dom@3.5.12':
    resolution: {integrity: sha512-q8VFxR9A2MRfBr6/55Q3umyoN7ya836FzRXajPB6/Vvuv0zOPL+qltd9rIMzG/DbRLAIlREmnLsplEF/kotXKA==}

  '@vue/server-renderer@3.5.12':
    resolution: {integrity: sha512-I3QoeDDeEPZm8yR28JtY+rk880Oqmj43hreIBVTicisFTx/Dl7JpG72g/X7YF8hnQD3IFhkky5i2bPonwrTVPg==}
    peerDependencies:
      vue: 3.5.12

  '@vue/shared@3.5.12':
    resolution: {integrity: sha512-L2RPSAwUFbgZH20etwrXyVyCBu9OxRSi8T/38QsvnkJyvq2LufW2lDCOzm7t/U9C1mkhJGWYfCuFBCmIuNivrg==}

  '@vue/tsconfig@0.5.1':
    resolution: {integrity: sha512-VcZK7MvpjuTPx2w6blwnwZAu5/LgBUtejFOi3pPGQFXQN5Ela03FUtd2Qtg4yWGGissVL0dr6Ro1LfOFh+PCuQ==}

  ansi-styles@6.2.1:
    resolution: {integrity: sha512-bN798gFfQX+viw3R7yrGWRqnrN2oRkEkUjjl4JNn4E8GxxbjtG3FbrEIIY3l8/hrwUwIeCZvi4QuOTP4MErVug==}
    engines: {node: '>=12'}

  balanced-match@1.0.2:
    resolution: {integrity: sha512-3oSeUO0TMV67hN1AmbXsK4yaqU7tjiHlbxRDZOpH0KW9+CeX4bRAaX0Anxt0tx2MrpRpWwQaPwIlISEJhYU5Pw==}

  brace-expansion@2.0.1:
    resolution: {integrity: sha512-XnAIvQ8eM+kC6aULx6wuQiwVsnzsi9d3WxzV3FpWTGA19F621kwdbsAcFKXgKUHZWsy+mY6iL1sHTxWEFCytDA==}

  buffer-builder@0.2.0:
    resolution: {integrity: sha512-7VPMEPuYznPSoR21NE1zvd2Xna6c/CloiZCfcMXR1Jny6PjX0N4Nsa38zcBFo/FMK+BlA+FLKbJCQ0i2yxp+Xg==}

  colorjs.io@0.5.2:
    resolution: {integrity: sha512-twmVoizEW7ylZSN32OgKdXRmo1qg+wT5/6C3xu5b9QsWzSFAhHLn2xd8ro0diCsKfCj1RdaTP/nrcW+vAoQPIw==}

  computeds@0.0.1:
    resolution: {integrity: sha512-7CEBgcMjVmitjYo5q8JTJVra6X5mQ20uTThdK+0kR7UEaDrAWEQcRiBtWJzga4eRpP6afNwwLsX2SET2JhVB1Q==}

  cross-spawn@7.0.3:
    resolution: {integrity: sha512-iRDPJKUPVEND7dHPO8rkbOnPpyDygcDFtWjpeWNCgy8WP2rXcxXL8TskReQl6OrB2G7+UJrags1q15Fudc7G6w==}
    engines: {node: '>= 8'}

  csstype@3.1.3:
    resolution: {integrity: sha512-M1uQkMl8rQK/szD0LNhtqxIPLpimGm8sOBwU7lLnCpSbTyY3yeU1Vc7l4KT5zT4s/yOxHH5O7tIuuLOCnLADRw==}

  de-indent@1.0.2:
    resolution: {integrity: sha512-e/1zu3xH5MQryN2zdVaF0OrdNLUbvWxzMbi+iNA6Bky7l1RoP8a2fIbRocyHclXt/arDrrR6lL3TqFD9pMQTsg==}

  entities@4.5.0:
    resolution: {integrity: sha512-V0hjH4dGPh9Ao5p0MoRY6BVqtwCjhz6vI5LT8AJ55H+4g9/4vbHx1I54fS0XuclLhDHArPQCiMjDxjaL8fPxhw==}
    engines: {node: '>=0.12'}

  esbuild@0.21.5:
    resolution: {integrity: sha512-mg3OPMV4hXywwpoDxu3Qda5xCKQi+vCTZq8S9J/EpkhB2HzKXq4SNFZE3+NK93JYxc8VMSep+lOUSC/RVKaBqw==}
    engines: {node: '>=12'}
    hasBin: true

  estree-walker@2.0.2:
    resolution: {integrity: sha512-Rfkk/Mp/DL7JVje3u18FxFujQlTNR2q6QfMSMB7AvCBx91NGj/ba3kCfza0f6dVDbw7YlRf/nDrn7pQrCCyQ/w==}

  fsevents@2.3.3:
    resolution: {integrity: sha512-5xoDfX+fL7faATnagmWPpbFtwh/R77WmMMqqHGS65C3vvB0YHrgF+B1YmZ3441tMj5n63k0212XNoJwzlhffQw==}
    engines: {node: ^8.16.0 || ^10.6.0 || >=11.0.0}
    os: [darwin]

  has-flag@4.0.0:
    resolution: {integrity: sha512-EykJT/Q1KjTWctppgIAgfSO0tKVuZUjhgMr17kqTumMl6Afv3EISleU7qZUzoXDFTAHTDC4NOoG/ZxU3EvlMPQ==}
    engines: {node: '>=8'}

  he@1.2.0:
    resolution: {integrity: sha512-F/1DnUGPopORZi0ni+CvrCgHQ5FyEAHRLSApuYWMmrbSwoN2Mn/7k+Gl38gJnR7yyDZk6WLXwiGod1JOWNDKGw==}
    hasBin: true

  immutable@5.0.2:
    resolution: {integrity: sha512-1NU7hWZDkV7hJ4PJ9dur9gTNQ4ePNPN4k9/0YhwjzykTi/+3Q5pF93YU5QoVj8BuOnhLgaY8gs0U2pj4kSYVcw==}

  isexe@2.0.0:
    resolution: {integrity: sha512-RHxMLp9lnKHGHRng9QFhRCMbYAcVpn69smSGcq3f36xjgVVWThj4qqLbTLlq7Ssj8B+fIQ1EuCEGI2lKsyQeIw==}

  json-parse-even-better-errors@3.0.2:
    resolution: {integrity: sha512-fi0NG4bPjCHunUJffmLd0gxssIgkNmArMvis4iNah6Owg1MCJjWhEcDLmsK6iGkJq3tHwbDkTlce70/tmXN4cQ==}
    engines: {node: ^14.17.0 || ^16.13.0 || >=18.0.0}

  magic-string@0.30.12:
    resolution: {integrity: sha512-Ea8I3sQMVXr8JhN4z+H/d8zwo+tYDgHE9+5G4Wnrwhs0gaK9fXTKx0Tw5Xwsd/bCPTTZNRAdpyzvoeORe9LYpw==}

  memorystream@0.3.1:
    resolution: {integrity: sha512-S3UwM3yj5mtUSEfP41UZmt/0SCoVYUcU1rkXv+BQ5Ig8ndL4sPoJNBUJERafdPb5jjHJGuMgytgKvKIf58XNBw==}
    engines: {node: '>= 0.10.0'}

  minimatch@9.0.5:
    resolution: {integrity: sha512-G6T0ZX48xgozx7587koeX9Ys2NYy6Gmv//P89sEte9V9whIapMNF4idKxnW2QtCcLiTWlb/wfCabAtAFWhhBow==}
    engines: {node: '>=16 || 14 >=14.17'}

  muggle-string@0.4.1:
    resolution: {integrity: sha512-VNTrAak/KhO2i8dqqnqnAHOa3cYBwXEZe9h+D5h/1ZqFSTEFHdM65lR7RoIqq3tBBYavsOXV84NoHXZ0AkPyqQ==}

  nanoid@3.3.7:
    resolution: {integrity: sha512-eSRppjcPIatRIMC1U6UngP8XFcz8MQWGQdt1MTBQ7NaAmvXDfvNxbvWV3x2y6CdEUciCSsDHDQZbhYaB8QEo2g==}
    engines: {node: ^10 || ^12 || ^13.7 || ^14 || >=15.0.1}
    hasBin: true

  npm-normalize-package-bin@3.0.1:
    resolution: {integrity: sha512-dMxCf+zZ+3zeQZXKxmyuCKlIDPGuv8EF940xbkC4kQVDTtqoh6rJFO+JTKSA6/Rwi0getWmtuy4Itup0AMcaDQ==}
    engines: {node: ^14.17.0 || ^16.13.0 || >=18.0.0}

  npm-run-all2@6.2.6:
    resolution: {integrity: sha512-tkyb4pc0Zb0oOswCb5tORPk9MvVL6gcDq1cMItQHmsbVk1skk7YF6cH+UU2GxeNLHMuk6wFEOSmEmJ2cnAK1jg==}
    engines: {node: ^14.18.0 || ^16.13.0 || >=18.0.0, npm: '>= 8'}
    hasBin: true

  path-browserify@1.0.1:
    resolution: {integrity: sha512-b7uo2UCUOYZcnF/3ID0lulOJi/bafxa1xPe7ZPsammBSpjSWQkjNxlt635YGS2MiR9GjvuXCtz2emr3jbsz98g==}

  path-key@3.1.1:
    resolution: {integrity: sha512-ojmeN0qd+y0jszEtoY48r0Peq5dwMEkIlCOu6Q5f41lfkswXuKtYrhgoTpLnyIcHm24Uhqx+5Tqm2InSwLhE6Q==}
    engines: {node: '>=8'}

  picocolors@1.1.1:
    resolution: {integrity: sha512-xceH2snhtb5M9liqDsmEw56le376mTZkEX/jEb/RxNFyegNul7eNslCXP9FDj/Lcu0X8KEyMceP2ntpaHrDEVA==}

  pidtree@0.6.0:
    resolution: {integrity: sha512-eG2dWTVw5bzqGRztnHExczNxt5VGsE6OwTeCG3fdUf9KBsZzO3R5OIIIzWR+iZA0NtZ+RDVdaoE2dK1cn6jH4g==}
    engines: {node: '>=0.10'}
    hasBin: true

  postcss@8.4.47:
    resolution: {integrity: sha512-56rxCq7G/XfB4EkXq9Egn5GCqugWvDFjafDOThIdMBsI15iqPqR5r15TfSr1YPYeEI19YeaXMCbY6u88Y76GLQ==}
    engines: {node: ^10 || ^12 || >=14}

  read-package-json-fast@3.0.2:
    resolution: {integrity: sha512-0J+Msgym3vrLOUB3hzQCuZHII0xkNGCtz/HJH9xZshwv9DbDwkw1KaE3gx/e2J5rpEY5rtOy6cyhKOPrkP7FZw==}
    engines: {node: ^14.17.0 || ^16.13.0 || >=18.0.0}

  rollup@4.24.0:
    resolution: {integrity: sha512-DOmrlGSXNk1DM0ljiQA+i+o0rSLhtii1je5wgk60j49d1jHT5YYttBv1iWOnYSTG+fZZESUOSNiAl89SIet+Cg==}
    engines: {node: '>=18.0.0', npm: '>=8.0.0'}
    hasBin: true

  rxjs@7.8.1:
    resolution: {integrity: sha512-AA3TVj+0A2iuIoQkWEK/tqFjBq2j+6PO6Y0zJcvzLAFhEFIO3HL0vls9hWLncZbAAbK0mar7oZ4V079I/qPMxg==}

  sass-embedded-android-arm64@1.80.7:
    resolution: {integrity: sha512-Gwl/OY80uEA14MLm7efJvc1ErgGT51SvAv4/kIpTziOJpkk+999/nrEJHQ6YAJ7r5DuQcKvC3lHipcENUIpP9A==}
    engines: {node: '>=14.0.0'}
    cpu: [arm64]
    os: [android]

  sass-embedded-android-arm@1.80.7:
    resolution: {integrity: sha512-pMxJ70yOGXYGmfoGlAMKqnr/nuP/UgKV3jc7v5kpmWGpPPMF2u63DM2QkvTqM32FyfwyxSycVaNFNT+gPomTiw==}
    engines: {node: '>=14.0.0'}
    cpu: [arm]
    os: [android]

  sass-embedded-android-ia32@1.80.7:
    resolution: {integrity: sha512-CJccGPgBePPYiXhyQWvgHF8AqjIDSGf+mcC4Ac/f5upRd9Z/vhQVrJfsDxt4c4tV0HGEfbQpT9xOCYF1Z6luZQ==}
    engines: {node: '>=14.0.0'}
    cpu: [ia32]
    os: [android]

  sass-embedded-android-riscv64@1.80.7:
    resolution: {integrity: sha512-kIGcyuhNes9NUDzJ9VHy/ZGKdADCCt7JAwiC7lFSc6/xs5rJtGRn6hZ+mcG7gQWAezb5oK/VMQl8ps7HBFUEXw==}
    engines: {node: '>=14.0.0'}
    cpu: [riscv64]
    os: [android]

  sass-embedded-android-x64@1.80.7:
    resolution: {integrity: sha512-oLMQiFpbSczOrGZSWlZvVJ1T9L6nDjS2u8PTxfT0MFX/FT3EhaxylHeiYKrmtY4epRufNCC/G96DMVqnSNa1QQ==}
    engines: {node: '>=14.0.0'}
    cpu: [x64]
    os: [android]

  sass-embedded-darwin-arm64@1.80.7:
    resolution: {integrity: sha512-Vi5BbTWd9OO0tC60CPw5IY7w3Tccr1/Gy2DdkfE4qP6Rc368WmUis5ceG8ehAye0IT7aoRXpw8XTzWyXAZHbfw==}
    engines: {node: '>=14.0.0'}
    cpu: [arm64]
    os: [darwin]

  sass-embedded-darwin-x64@1.80.7:
    resolution: {integrity: sha512-yeANclgSHJ7K/XLG4Lnk7aQ5dk7K+oqIOtoOP0bjXgWsdPbes9V7k1ZJ9mZGl+f/XAPaRRPqjKs4WHU9s8m8MA==}
    engines: {node: '>=14.0.0'}
    cpu: [x64]
    os: [darwin]

  sass-embedded-linux-arm64@1.80.7:
    resolution: {integrity: sha512-Idb5K9LHHWklN7A/kqWUd6sktA36V70bSjZ/gvCDu/5CBJBkMsVNdrxcdpGzrZe7pYV4XUTkMZOwf91owEywtQ==}
    engines: {node: '>=14.0.0'}
    cpu: [arm64]
    os: [linux]

  sass-embedded-linux-arm@1.80.7:
    resolution: {integrity: sha512-ZttC6H2Z9YXUVFlprqZ0AgXuHdzqhvhUWsG7UUqkND9JSHvyFSwRij4h90aOK3gKg3PBGI4yG5tonLq2yV525A==}
    engines: {node: '>=14.0.0'}
    cpu: [arm]
    os: [linux]

  sass-embedded-linux-ia32@1.80.7:
    resolution: {integrity: sha512-xKnWWEFz1jFc9xDAG7nMcjPBCTuiJbqvTmEtwQoWj79hQrzVdkLM6SiUGVbGa1c2s2fJMS3Bg2fkDJBK6/BcuQ==}
    engines: {node: '>=14.0.0'}
    cpu: [ia32]
    os: [linux]

  sass-embedded-linux-musl-arm64@1.80.7:
    resolution: {integrity: sha512-7+GCYIh+c1BG4ot/PbTvVXUxd2GxDWcMxV7i3sARStQBDpTZFfohWdjUytLyqGxQgJIrbq0Q60Ucrw6HUJtJ9A==}
    engines: {node: '>=14.0.0'}
    cpu: [arm64]
    os: [linux]

  sass-embedded-linux-musl-arm@1.80.7:
    resolution: {integrity: sha512-gJLfSFiiuGaqWjaj0bcuhOlQ+t1jS9StuzXnW1b9gy2I6Y0uCprgbbELgtRVPSZlCG2BBolR76YCGQTB85M43Q==}
    engines: {node: '>=14.0.0'}
    cpu: [arm]
    os: [linux]

  sass-embedded-linux-musl-ia32@1.80.7:
    resolution: {integrity: sha512-Iw2E6P1lha335C5tGNgPjLD7Oll7OdLBJ7uPKaU+I7KbiOPk7ELsxUL9AYIrKO0/MLtgxGqOWWfTo/5cvU8xSA==}
    engines: {node: '>=14.0.0'}
    cpu: [ia32]
    os: [linux]

  sass-embedded-linux-musl-riscv64@1.80.7:
    resolution: {integrity: sha512-gd92dkDVpTh4xJb2hpX82E6el30h4MxCb7VJLwtbQSrQuxOlZgaDX4plMSZifsNTLvOsafdLCYyI+QsZRr8bkA==}
    engines: {node: '>=14.0.0'}
    cpu: [riscv64]
    os: [linux]

  sass-embedded-linux-musl-x64@1.80.7:
    resolution: {integrity: sha512-i5udU+i0LZrL3dhHAgIfK7LBaHtScwAceiykndNIHyRXc1TY2DX3lG0EolVUvPyWFUNnvGCgxZF8oUToPzJ+pw==}
    engines: {node: '>=14.0.0'}
    cpu: [x64]
    os: [linux]

  sass-embedded-linux-riscv64@1.80.7:
    resolution: {integrity: sha512-DvnXvu019c6THNQnSWfy2eY/HFWZ2ogGUjRkdKAxj7U7i/YD+bsDIxdDQHZ48qzOguzx8n2aRa/clriM0HQPUA==}
    engines: {node: '>=14.0.0'}
    cpu: [riscv64]
    os: [linux]

  sass-embedded-linux-x64@1.80.7:
    resolution: {integrity: sha512-nQB+IZwCzVPpPkP5L9zV416/AGPLky7L2GGPWtvxG2CEeTV1Rzet+gkhzk2eYEdbh+3py/w9YVRTaQuZ3QV0vQ==}
    engines: {node: '>=14.0.0'}
    cpu: [x64]
    os: [linux]

  sass-embedded-win32-arm64@1.80.7:
    resolution: {integrity: sha512-Q6Rh/CM30m8txoKK5SIVamnwPXs028Mvfq4Ol4saHgSYro9kY/HTrrWlG/RPd6sPvYBCYIm1mX8oBteDUMCajQ==}
    engines: {node: '>=14.0.0'}
    cpu: [arm64]
    os: [win32]

  sass-embedded-win32-ia32@1.80.7:
    resolution: {integrity: sha512-VZMRp81KWUZZDqNwkL3yTDT+VRxB7ScJKUJD1M8fq6P1nyJP35+r1byXLF4UQMoNgpC5B16txxMvqdkv43OqAA==}
    engines: {node: '>=14.0.0'}
    cpu: [ia32]
    os: [win32]

  sass-embedded-win32-x64@1.80.7:
    resolution: {integrity: sha512-4p+GzOJJ1KqxPKrkIkKisod4YAcC70fj4WMRLrQLLuUW+MzAvtKgX2+ZJf90D50CozSdgETGBvdPSj3VLjBzZw==}
    engines: {node: '>=14.0.0'}
    cpu: [x64]
    os: [win32]

  sass-embedded@1.80.7:
    resolution: {integrity: sha512-OwF0QvpDUjW2udPCvxgaObU0tQHycpsIgCDtHBVHuOqZ2LN0OkkY+uxSO7bOaw9wD7vXtt+1V+jiIZDTxiSRVQ==}
    engines: {node: '>=16.0.0'}
    hasBin: true

  semver@7.6.3:
    resolution: {integrity: sha512-oVekP1cKtI+CTDvHWYFUcMtsK/00wmAEfyqKfNdARm8u1wNVhSgaX7A8d4UuIlUI5e84iEwOhs7ZPYRmzU9U6A==}
    engines: {node: '>=10'}
    hasBin: true

  shebang-command@2.0.0:
    resolution: {integrity: sha512-kHxr2zZpYtdmrN1qDjrrX/Z1rR1kG8Dx+gkpK1G4eXmvXswmcE1hTWBWYUzlraYw1/yZp6YuDY77YtvbN0dmDA==}
    engines: {node: '>=8'}

  shebang-regex@3.0.0:
    resolution: {integrity: sha512-7++dFhtcx3353uBaq8DDR4NuxBetBzC7ZQOhmTQInHEd6bSrXdiEyzCvG07Z44UYdLShWUyXt5M/yhz8ekcb1A==}
    engines: {node: '>=8'}

  shell-quote@1.8.1:
    resolution: {integrity: sha512-6j1W9l1iAs/4xYBI1SYOVZyFcCis9b4KCLQ8fgAGG07QvzaRLVVRQvAy85yNmmZSjYjg4MWh4gNvlPujU/5LpA==}

  source-map-js@1.2.1:
    resolution: {integrity: sha512-UXWMKhLOwVKb728IUtQPXxfYU+usdybtUrK/8uGE8CQMvrhOpwvzDBwj0QhSL7MQc7vIsISBG8VQ8+IDQxpfQA==}
    engines: {node: '>=0.10.0'}

  supports-color@8.1.1:
    resolution: {integrity: sha512-MpUEN2OodtUzxvKQl72cUF7RQ5EiHsGvSsVG0ia9c5RbWGL2CI4C7EpPS8UTBIplnlzZiNuV56w+FuNxy3ty2Q==}
    engines: {node: '>=10'}

  sync-child-process@1.0.2:
    resolution: {integrity: sha512-8lD+t2KrrScJ/7KXCSyfhT3/hRq78rC0wBFqNJXv3mZyn6hW2ypM05JmlSvtqRbeq6jqA94oHbxAr2vYsJ8vDA==}
    engines: {node: '>=16.0.0'}

  sync-message-port@1.1.3:
    resolution: {integrity: sha512-GTt8rSKje5FilG+wEdfCkOcLL7LWqpMlr2c3LRuKt/YXxcJ52aGSbGBAdI4L3aaqfrBt6y711El53ItyH1NWzg==}
    engines: {node: '>=16.0.0'}

  to-fast-properties@2.0.0:
    resolution: {integrity: sha512-/OaKK0xYrs3DmxRYqL/yDc+FxFUVYhDlXMhRmv3z915w2HF1tnN1omB354j8VUGO/hbRzyD6Y3sA7v7GS/ceog==}
    engines: {node: '>=4'}

  tslib@2.8.1:
    resolution: {integrity: sha512-oJFu94HQb+KVduSUQL7wnpmqnfmLsOA/nAh6b6EH0wCEoK0/mPeXU6c3wKDV83MkOuHPRHtSXKKU99IBazS/2w==}

  typescript@5.4.5:
    resolution: {integrity: sha512-vcI4UpRgg81oIRUFwR0WSIHKt11nJ7SAVlYNIu+QpqeyXP+gpQJy/Z4+F0aGxSE4MqwjyXvW/TzgkLAx2AGHwQ==}
    engines: {node: '>=14.17'}
    hasBin: true

  undici-types@6.19.8:
    resolution: {integrity: sha512-ve2KP6f/JnbPBFyobGHuerC9g1FYGn/F8n1LWTwNxCEzd6IfqTwUQcNXgEtmmQ6DlRrC1hrSrBnCZPokRrDHjw==}

  varint@6.0.0:
    resolution: {integrity: sha512-cXEIW6cfr15lFv563k4GuVuW/fiwjknytD37jIOLSdSWuOI6WnO/oKwmP2FQTU2l01LP8/M5TSAJpzUaGe3uWg==}

  vite@5.4.9:
    resolution: {integrity: sha512-20OVpJHh0PAM0oSOELa5GaZNWeDjcAvQjGXy2Uyr+Tp+/D2/Hdz6NLgpJLsarPTA2QJ6v8mX2P1ZfbsSKvdMkg==}
    engines: {node: ^18.0.0 || >=20.0.0}
    hasBin: true
    peerDependencies:
      '@types/node': ^18.0.0 || >=20.0.0
      less: '*'
      lightningcss: ^1.21.0
      sass: '*'
      sass-embedded: '*'
      stylus: '*'
      sugarss: '*'
      terser: ^5.4.0
    peerDependenciesMeta:
      '@types/node':
        optional: true
      less:
        optional: true
      lightningcss:
        optional: true
      sass:
        optional: true
      sass-embedded:
        optional: true
      stylus:
        optional: true
      sugarss:
        optional: true
      terser:
        optional: true

  vscode-uri@3.0.8:
    resolution: {integrity: sha512-AyFQ0EVmsOZOlAnxoFOGOq1SQDWAB7C6aqMGS23svWAllfOaxbuFvcT8D1i8z3Gyn8fraVeZNNmN6e9bxxXkKw==}

  vue-router@4.4.5:
    resolution: {integrity: sha512-4fKZygS8cH1yCyuabAXGUAsyi1b2/o/OKgu/RUb+znIYOxPRxdkytJEx+0wGcpBE1pX6vUgh5jwWOKRGvuA/7Q==}
    peerDependencies:
      vue: ^3.2.0

  vue-tsc@2.1.6:
    resolution: {integrity: sha512-f98dyZp5FOukcYmbFpuSCJ4Z0vHSOSmxGttZJCsFeX0M4w/Rsq0s4uKXjcSRsZqsRgQa6z7SfuO+y0HVICE57Q==}
    hasBin: true
    peerDependencies:
      typescript: '>=5.0.0'

  vue@3.5.12:
    resolution: {integrity: sha512-CLVZtXtn2ItBIi/zHZ0Sg1Xkb7+PU32bJJ8Bmy7ts3jxXTcbfsEfBivFYYWz1Hur+lalqGAh65Coin0r+HRUfg==}
    peerDependencies:
      typescript: '*'
    peerDependenciesMeta:
      typescript:
        optional: true

  which@2.0.2:
    resolution: {integrity: sha512-BLI3Tl1TW3Pvl70l3yq3Y64i+awpwXqsGBYWkkqMtnbXgrMD+yj7rhW0kuEDxzJaYXGjEW5ogapKNMEKNMjibA==}
    engines: {node: '>= 8'}
    hasBin: true

  which@3.0.1:
    resolution: {integrity: sha512-XA1b62dzQzLfaEOSQFTCOd5KFf/1VSzZo7/7TUjnya6u0vGGKzU96UQBZTAThCb2j4/xjBAyii1OhRLJEivHvg==}
    engines: {node: ^14.17.0 || ^16.13.0 || >=18.0.0}
    hasBin: true

snapshots:

  '@babel/helper-string-parser@7.25.7': {}

  '@babel/helper-validator-identifier@7.25.7': {}

  '@babel/parser@7.25.8':
    dependencies:
      '@babel/types': 7.25.8

  '@babel/types@7.25.8':
    dependencies:
      '@babel/helper-string-parser': 7.25.7
      '@babel/helper-validator-identifier': 7.25.7
      to-fast-properties: 2.0.0

  '@bufbuild/protobuf@2.2.2': {}

  '@esbuild/aix-ppc64@0.21.5':
    optional: true

  '@esbuild/android-arm64@0.21.5':
    optional: true

  '@esbuild/android-arm@0.21.5':
    optional: true

  '@esbuild/android-x64@0.21.5':
    optional: true

  '@esbuild/darwin-arm64@0.21.5':
    optional: true

  '@esbuild/darwin-x64@0.21.5':
    optional: true

  '@esbuild/freebsd-arm64@0.21.5':
    optional: true

  '@esbuild/freebsd-x64@0.21.5':
    optional: true

  '@esbuild/linux-arm64@0.21.5':
    optional: true

  '@esbuild/linux-arm@0.21.5':
    optional: true

  '@esbuild/linux-ia32@0.21.5':
    optional: true

  '@esbuild/linux-loong64@0.21.5':
    optional: true

  '@esbuild/linux-mips64el@0.21.5':
    optional: true

  '@esbuild/linux-ppc64@0.21.5':
    optional: true

  '@esbuild/linux-riscv64@0.21.5':
    optional: true

  '@esbuild/linux-s390x@0.21.5':
    optional: true

  '@esbuild/linux-x64@0.21.5':
    optional: true

  '@esbuild/netbsd-x64@0.21.5':
    optional: true

  '@esbuild/openbsd-x64@0.21.5':
    optional: true

  '@esbuild/sunos-x64@0.21.5':
    optional: true

  '@esbuild/win32-arm64@0.21.5':
    optional: true

  '@esbuild/win32-ia32@0.21.5':
    optional: true

  '@esbuild/win32-x64@0.21.5':
    optional: true

  '@jridgewell/sourcemap-codec@1.5.0': {}

  '@rollup/rollup-android-arm-eabi@4.24.0':
    optional: true

  '@rollup/rollup-android-arm64@4.24.0':
    optional: true

  '@rollup/rollup-darwin-arm64@4.24.0':
    optional: true

  '@rollup/rollup-darwin-x64@4.24.0':
    optional: true

  '@rollup/rollup-linux-arm-gnueabihf@4.24.0':
    optional: true

  '@rollup/rollup-linux-arm-musleabihf@4.24.0':
    optional: true

  '@rollup/rollup-linux-arm64-gnu@4.24.0':
    optional: true

  '@rollup/rollup-linux-arm64-musl@4.24.0':
    optional: true

  '@rollup/rollup-linux-powerpc64le-gnu@4.24.0':
    optional: true

  '@rollup/rollup-linux-riscv64-gnu@4.24.0':
    optional: true

  '@rollup/rollup-linux-s390x-gnu@4.24.0':
    optional: true

  '@rollup/rollup-linux-x64-gnu@4.24.0':
    optional: true

  '@rollup/rollup-linux-x64-musl@4.24.0':
    optional: true

  '@rollup/rollup-win32-arm64-msvc@4.24.0':
    optional: true

  '@rollup/rollup-win32-ia32-msvc@4.24.0':
    optional: true

  '@rollup/rollup-win32-x64-msvc@4.24.0':
    optional: true

  '@tsconfig/node20@20.1.4': {}

  '@types/estree@1.0.6': {}

  '@types/node@20.16.14':
    dependencies:
      undici-types: 6.19.8

  '@vitejs/plugin-vue@5.1.4(vite@5.4.9(@types/node@20.16.14)(sass-embedded@1.80.7))(vue@3.5.12(typescript@5.4.5))':
    dependencies:
      vite: 5.4.9(@types/node@20.16.14)(sass-embedded@1.80.7)
      vue: 3.5.12(typescript@5.4.5)

  '@volar/language-core@2.4.6':
    dependencies:
      '@volar/source-map': 2.4.6

  '@volar/source-map@2.4.6': {}

  '@volar/typescript@2.4.6':
    dependencies:
      '@volar/language-core': 2.4.6
      path-browserify: 1.0.1
      vscode-uri: 3.0.8

  '@vue/compiler-core@3.5.12':
    dependencies:
      '@babel/parser': 7.25.8
      '@vue/shared': 3.5.12
      entities: 4.5.0
      estree-walker: 2.0.2
      source-map-js: 1.2.1

  '@vue/compiler-dom@3.5.12':
    dependencies:
      '@vue/compiler-core': 3.5.12
      '@vue/shared': 3.5.12

  '@vue/compiler-sfc@3.5.12':
    dependencies:
      '@babel/parser': 7.25.8
      '@vue/compiler-core': 3.5.12
      '@vue/compiler-dom': 3.5.12
      '@vue/compiler-ssr': 3.5.12
      '@vue/shared': 3.5.12
      estree-walker: 2.0.2
      magic-string: 0.30.12
      postcss: 8.4.47
      source-map-js: 1.2.1

  '@vue/compiler-ssr@3.5.12':
    dependencies:
      '@vue/compiler-dom': 3.5.12
      '@vue/shared': 3.5.12

  '@vue/compiler-vue2@2.7.16':
    dependencies:
      de-indent: 1.0.2
      he: 1.2.0

  '@vue/devtools-api@6.6.4': {}

  '@vue/language-core@2.1.6(typescript@5.4.5)':
    dependencies:
      '@volar/language-core': 2.4.6
      '@vue/compiler-dom': 3.5.12
      '@vue/compiler-vue2': 2.7.16
      '@vue/shared': 3.5.12
      computeds: 0.0.1
      minimatch: 9.0.5
      muggle-string: 0.4.1
      path-browserify: 1.0.1
    optionalDependencies:
      typescript: 5.4.5

  '@vue/reactivity@3.5.12':
    dependencies:
      '@vue/shared': 3.5.12

  '@vue/runtime-core@3.5.12':
    dependencies:
      '@vue/reactivity': 3.5.12
      '@vue/shared': 3.5.12

  '@vue/runtime-dom@3.5.12':
    dependencies:
      '@vue/reactivity': 3.5.12
      '@vue/runtime-core': 3.5.12
      '@vue/shared': 3.5.12
      csstype: 3.1.3

  '@vue/server-renderer@3.5.12(vue@3.5.12(typescript@5.4.5))':
    dependencies:
      '@vue/compiler-ssr': 3.5.12
      '@vue/shared': 3.5.12
      vue: 3.5.12(typescript@5.4.5)

  '@vue/shared@3.5.12': {}

  '@vue/tsconfig@0.5.1': {}

  ansi-styles@6.2.1: {}

  balanced-match@1.0.2: {}

  brace-expansion@2.0.1:
    dependencies:
      balanced-match: 1.0.2

  buffer-builder@0.2.0: {}

  colorjs.io@0.5.2: {}

  computeds@0.0.1: {}

  cross-spawn@7.0.3:
    dependencies:
      path-key: 3.1.1
      shebang-command: 2.0.0
      which: 2.0.2

  csstype@3.1.3: {}

  de-indent@1.0.2: {}

  entities@4.5.0: {}

  esbuild@0.21.5:
    optionalDependencies:
      '@esbuild/aix-ppc64': 0.21.5
      '@esbuild/android-arm': 0.21.5
      '@esbuild/android-arm64': 0.21.5
      '@esbuild/android-x64': 0.21.5
      '@esbuild/darwin-arm64': 0.21.5
      '@esbuild/darwin-x64': 0.21.5
      '@esbuild/freebsd-arm64': 0.21.5
      '@esbuild/freebsd-x64': 0.21.5
      '@esbuild/linux-arm': 0.21.5
      '@esbuild/linux-arm64': 0.21.5
      '@esbuild/linux-ia32': 0.21.5
      '@esbuild/linux-loong64': 0.21.5
      '@esbuild/linux-mips64el': 0.21.5
      '@esbuild/linux-ppc64': 0.21.5
      '@esbuild/linux-riscv64': 0.21.5
      '@esbuild/linux-s390x': 0.21.5
      '@esbuild/linux-x64': 0.21.5
      '@esbuild/netbsd-x64': 0.21.5
      '@esbuild/openbsd-x64': 0.21.5
      '@esbuild/sunos-x64': 0.21.5
      '@esbuild/win32-arm64': 0.21.5
      '@esbuild/win32-ia32': 0.21.5
      '@esbuild/win32-x64': 0.21.5

  estree-walker@2.0.2: {}

  fsevents@2.3.3:
    optional: true

  has-flag@4.0.0: {}

  he@1.2.0: {}

  immutable@5.0.2: {}

  isexe@2.0.0: {}

  json-parse-even-better-errors@3.0.2: {}

  magic-string@0.30.12:
    dependencies:
      '@jridgewell/sourcemap-codec': 1.5.0

  memorystream@0.3.1: {}

  minimatch@9.0.5:
    dependencies:
      brace-expansion: 2.0.1

  muggle-string@0.4.1: {}

  nanoid@3.3.7: {}

  npm-normalize-package-bin@3.0.1: {}

  npm-run-all2@6.2.6:
    dependencies:
      ansi-styles: 6.2.1
      cross-spawn: 7.0.3
      memorystream: 0.3.1
      minimatch: 9.0.5
      pidtree: 0.6.0
      read-package-json-fast: 3.0.2
      shell-quote: 1.8.1
      which: 3.0.1

  path-browserify@1.0.1: {}

  path-key@3.1.1: {}

  picocolors@1.1.1: {}

  pidtree@0.6.0: {}

  postcss@8.4.47:
    dependencies:
      nanoid: 3.3.7
      picocolors: 1.1.1
      source-map-js: 1.2.1

  read-package-json-fast@3.0.2:
    dependencies:
      json-parse-even-better-errors: 3.0.2
      npm-normalize-package-bin: 3.0.1

  rollup@4.24.0:
    dependencies:
      '@types/estree': 1.0.6
    optionalDependencies:
      '@rollup/rollup-android-arm-eabi': 4.24.0
      '@rollup/rollup-android-arm64': 4.24.0
      '@rollup/rollup-darwin-arm64': 4.24.0
      '@rollup/rollup-darwin-x64': 4.24.0
      '@rollup/rollup-linux-arm-gnueabihf': 4.24.0
      '@rollup/rollup-linux-arm-musleabihf': 4.24.0
      '@rollup/rollup-linux-arm64-gnu': 4.24.0
      '@rollup/rollup-linux-arm64-musl': 4.24.0
      '@rollup/rollup-linux-powerpc64le-gnu': 4.24.0
      '@rollup/rollup-linux-riscv64-gnu': 4.24.0
      '@rollup/rollup-linux-s390x-gnu': 4.24.0
      '@rollup/rollup-linux-x64-gnu': 4.24.0
      '@rollup/rollup-linux-x64-musl': 4.24.0
      '@rollup/rollup-win32-arm64-msvc': 4.24.0
      '@rollup/rollup-win32-ia32-msvc': 4.24.0
      '@rollup/rollup-win32-x64-msvc': 4.24.0
      fsevents: 2.3.3

  rxjs@7.8.1:
    dependencies:
      tslib: 2.8.1

  sass-embedded-android-arm64@1.80.7:
    optional: true

  sass-embedded-android-arm@1.80.7:
    optional: true

  sass-embedded-android-ia32@1.80.7:
    optional: true

  sass-embedded-android-riscv64@1.80.7:
    optional: true

  sass-embedded-android-x64@1.80.7:
    optional: true

  sass-embedded-darwin-arm64@1.80.7:
    optional: true

  sass-embedded-darwin-x64@1.80.7:
    optional: true

  sass-embedded-linux-arm64@1.80.7:
    optional: true

  sass-embedded-linux-arm@1.80.7:
    optional: true

  sass-embedded-linux-ia32@1.80.7:
    optional: true

  sass-embedded-linux-musl-arm64@1.80.7:
    optional: true

  sass-embedded-linux-musl-arm@1.80.7:
    optional: true

  sass-embedded-linux-musl-ia32@1.80.7:
    optional: true

  sass-embedded-linux-musl-riscv64@1.80.7:
    optional: true

  sass-embedded-linux-musl-x64@1.80.7:
    optional: true

  sass-embedded-linux-riscv64@1.80.7:
    optional: true

  sass-embedded-linux-x64@1.80.7:
    optional: true

  sass-embedded-win32-arm64@1.80.7:
    optional: true

  sass-embedded-win32-ia32@1.80.7:
    optional: true

  sass-embedded-win32-x64@1.80.7:
    optional: true

  sass-embedded@1.80.7:
    dependencies:
      '@bufbuild/protobuf': 2.2.2
      buffer-builder: 0.2.0
      colorjs.io: 0.5.2
      immutable: 5.0.2
      rxjs: 7.8.1
      supports-color: 8.1.1
      sync-child-process: 1.0.2
      varint: 6.0.0
    optionalDependencies:
      sass-embedded-android-arm: 1.80.7
      sass-embedded-android-arm64: 1.80.7
      sass-embedded-android-ia32: 1.80.7
      sass-embedded-android-riscv64: 1.80.7
      sass-embedded-android-x64: 1.80.7
      sass-embedded-darwin-arm64: 1.80.7
      sass-embedded-darwin-x64: 1.80.7
      sass-embedded-linux-arm: 1.80.7
      sass-embedded-linux-arm64: 1.80.7
      sass-embedded-linux-ia32: 1.80.7
      sass-embedded-linux-musl-arm: 1.80.7
      sass-embedded-linux-musl-arm64: 1.80.7
      sass-embedded-linux-musl-ia32: 1.80.7
      sass-embedded-linux-musl-riscv64: 1.80.7
      sass-embedded-linux-musl-x64: 1.80.7
      sass-embedded-linux-riscv64: 1.80.7
      sass-embedded-linux-x64: 1.80.7
      sass-embedded-win32-arm64: 1.80.7
      sass-embedded-win32-ia32: 1.80.7
      sass-embedded-win32-x64: 1.80.7

  semver@7.6.3: {}

  shebang-command@2.0.0:
    dependencies:
      shebang-regex: 3.0.0

  shebang-regex@3.0.0: {}

  shell-quote@1.8.1: {}

  source-map-js@1.2.1: {}

  supports-color@8.1.1:
    dependencies:
      has-flag: 4.0.0

  sync-child-process@1.0.2:
    dependencies:
      sync-message-port: 1.1.3

  sync-message-port@1.1.3: {}

  to-fast-properties@2.0.0: {}

  tslib@2.8.1: {}

  typescript@5.4.5: {}

  undici-types@6.19.8: {}

  varint@6.0.0: {}

  vite@5.4.9(@types/node@20.16.14)(sass-embedded@1.80.7):
    dependencies:
      esbuild: 0.21.5
      postcss: 8.4.47
      rollup: 4.24.0
    optionalDependencies:
      '@types/node': 20.16.14
      fsevents: 2.3.3
      sass-embedded: 1.80.7

  vscode-uri@3.0.8: {}

  vue-router@4.4.5(vue@3.5.12(typescript@5.4.5)):
    dependencies:
      '@vue/devtools-api': 6.6.4
      vue: 3.5.12(typescript@5.4.5)

  vue-tsc@2.1.6(typescript@5.4.5):
    dependencies:
      '@volar/typescript': 2.4.6
      '@vue/language-core': 2.1.6(typescript@5.4.5)
      semver: 7.6.3
      typescript: 5.4.5

  vue@3.5.12(typescript@5.4.5):
    dependencies:
      '@vue/compiler-dom': 3.5.12
      '@vue/compiler-sfc': 3.5.12
      '@vue/runtime-dom': 3.5.12
      '@vue/server-renderer': 3.5.12(vue@3.5.12(typescript@5.4.5))
      '@vue/shared': 3.5.12
    optionalDependencies:
      typescript: 5.4.5

  which@2.0.2:
    dependencies:
      isexe: 2.0.0

  which@3.0.1:
    dependencies:
      isexe: 2.0.0
